
Microsoft Visual Studio Solution File, Format Version 12.00
# Visual Studio Version 17
VisualStudioVersion = 17.8.34330.188
MinimumVisualStudioVersion = 10.0.40219.1
Project("{FAE04EC0-301F-11D3-BF4B-00C04F79EFBC}") = "20240309_GenelAlistirma", "20240309_GenelAlistirma\20240309_GenelAlistirma.csproj", "{6E7316AB-954A-4BF1-A3C5-69365D1DE4C8}"
EndProject
Global
	GlobalSection(SolutionConfigurationPlatforms) = preSolution
		Debug|Any CPU = Debug|Any CPU
		Release|Any CPU = Release|Any CPU
	EndGlobalSection
	GlobalSection(ProjectConfigurationPlatforms) = postSolution
		{6E7316AB-954A-4BF1-A3C5-69365D1DE4C8}.Debug|Any CPU.ActiveCfg = Debug|Any CPU
		{6E7316AB-954A-4BF1-A3C5-69365D1DE4C8}.Debug|Any CPU.Build.0 = Debug|Any CPU
		{6E7316AB-954A-4BF1-A3C5-69365D1DE4C8}.Release|Any CPU.ActiveCfg = Release|Any CPU
		{6E7316AB-954A-4BF1-A3C5-69365D1DE4C8}.Release|Any CPU.Build.0 = Release|Any CPU
	EndGlobalSection
	GlobalSection(SolutionProperties) = preSolution
		HideSolutionNode = FALSE
	EndGlobalSection
	GlobalSection(ExtensibilityGlobals) = postSolution
		SolutionGuid = {16D36EF8-C34C-4534-B16B-53D2226ECB6C}
	EndGlobalSection
EndGlobal
